git.cmcode.dev/cmcode/finance-planner-lib v0.0.0-20240812181646-5a0c4bcc8e1e h1:9r8wUO63TIIuaiHpPqlg1qWfGiE2FdjpGEJ880scmx0=
git.cmcode.dev/cmcode/finance-planner-lib v0.0.0-20240812181646-5a0c4bcc8e1e/go.mod h1:SN2P/GmYuMXeIW+QAGcjfq9yT5LDP/SsqbFSTprP/j0=
git.cmcode.dev/cmcode/uuid v0.0.1 h1:EeBhT7bPufbih43obmwa7jJBmPYKRNjCdRrw3Q9LDPE=
git.cmcode.dev/cmcode/uuid v0.0.1/go.mod h1:Ox5s2GqIMNmj/rAFMKuK56gS6miDJexeMiuiTMnYFCU=
github.com/gotk3/gotk3 v0.6.4 h1:5ur/PRr86PwCG8eSj98D1eXvhrNNK6GILS2zq779dCg=
github.com/gotk3/gotk3 v0.6.4/go.mod h1:/hqFpkNa9T3JgNAE2fLvCdov7c5bw//FHNZrZ3Uv9/Q=
github.com/gotk3/gotk3 v0.6.5-0.20240618185848-ff349ae13f56 h1:eR+xxC8qqKuPMTucZqaklBxLIT7/4L7dzhlwKMrDbj8=
github.com/gotk3/gotk3 v0.6.5-0.20240618185848-ff349ae13f56/go.mod h1:/hqFpkNa9T3JgNAE2fLvCdov7c5bw//FHNZrZ3Uv9/Q=
github.com/teambition/rrule-go v1.8.2 h1:lIjpjvWTj9fFUZCmuoVDrKVOtdiyzbzc93qTmRVe/J8=
github.com/teambition/rrule-go v1.8.2/go.mod h1:Ieq5AbrKGciP1V//Wq8ktsTXwSwJHDD5mD/wLBGl3p4=
gopkg.in/check.v1 v0.0.0-20161208181325-20d25e280405/go.mod h1:Co6ibVJAznAaIkqp8huTwlJQCZ016jof/cbN4VW5Yz0=
gopkg.in/yaml.v3 v3.0.1 h1:fxVm/GzAzEWqLHuvctI91KS9hhNmmWOoWu0XTYJS7CA=
gopkg.in/yaml.v3 v3.0.1/go.mod h1:K4uyk7z7BCEPqu6E+C64Yfv1cQ7kz7rIZviUmN+EgEM=
